
Microsoft Visual Studio Solution File, Format Version 12.00
# Visual Studio Version 17
VisualStudioVersion = 17.10.35027.167
MinimumVisualStudioVersion = 10.0.40219.1
Project("{FAE04EC0-301F-11D3-BF4B-00C04F79EFBC}") = "Basketball Tournament", "Basketball Tournament\Basketball Tournament.csproj", "{7B7F4690-87C3-4359-80B3-7F591AAA1A53}"
EndProject
Global
	GlobalSection(SolutionConfigurationPlatforms) = preSolution
		Debug|Any CPU = Debug|Any CPU
		Release|Any CPU = Release|Any CPU
	EndGlobalSection
	GlobalSection(ProjectConfigurationPlatforms) = postSolution
		{7B7F4690-87C3-4359-80B3-7F591AAA1A53}.Debug|Any CPU.ActiveCfg = Debug|Any CPU
		{7B7F4690-87C3-4359-80B3-7F591AAA1A53}.Debug|Any CPU.Build.0 = Debug|Any CPU
		{7B7F4690-87C3-4359-80B3-7F591AAA1A53}.Release|Any CPU.ActiveCfg = Release|Any CPU
		{7B7F4690-87C3-4359-80B3-7F591AAA1A53}.Release|Any CPU.Build.0 = Release|Any CPU
	EndGlobalSection
	GlobalSection(SolutionProperties) = preSolution
		HideSolutionNode = FALSE
	EndGlobalSection
	GlobalSection(ExtensibilityGlobals) = postSolution
		SolutionGuid = {AF19262A-AC1B-4DE8-A0FD-F7209464EBF7}
	EndGlobalSection
EndGlobal
